
Microsoft Visual Studio Solution File, Format Version 12.00
# Visual Studio 2013
VisualStudioVersion = 12.0.40629.0
MinimumVisualStudioVersion = 10.0.40219.1
Project("{FAE04EC0-301F-11D3-BF4B-00C04F79EFBC}") = "UI", "UI\UI.csproj", "{3727363E-B1E4-4512-A504-8047DC069F1E}"
EndProject
Project("{FAE04EC0-301F-11D3-BF4B-00C04F79EFBC}") = "DAL", "DAL\DAL.csproj", "{52D10081-11B6-4AEF-9524-06078491A03D}"
EndProject
Global
	GlobalSection(SolutionConfigurationPlatforms) = preSolution
		Debug|Any CPU = Debug|Any CPU
		Release|Any CPU = Release|Any CPU
	EndGlobalSection
	GlobalSection(ProjectConfigurationPlatforms) = postSolution
		{3727363E-B1E4-4512-A504-8047DC069F1E}.Debug|Any CPU.ActiveCfg = Debug|Any CPU
		{3727363E-B1E4-4512-A504-8047DC069F1E}.Debug|Any CPU.Build.0 = Debug|Any CPU
		{3727363E-B1E4-4512-A504-8047DC069F1E}.Release|Any CPU.ActiveCfg = Release|Any CPU
		{3727363E-B1E4-4512-A504-8047DC069F1E}.Release|Any CPU.Build.0 = Release|Any CPU
		{52D10081-11B6-4AEF-9524-06078491A03D}.Debug|Any CPU.ActiveCfg = Debug|Any CPU
		{52D10081-11B6-4AEF-9524-06078491A03D}.Debug|Any CPU.Build.0 = Debug|Any CPU
		{52D10081-11B6-4AEF-9524-06078491A03D}.Release|Any CPU.ActiveCfg = Release|Any CPU
		{52D10081-11B6-4AEF-9524-06078491A03D}.Release|Any CPU.Build.0 = Release|Any CPU
	EndGlobalSection
	GlobalSection(SolutionProperties) = preSolution
		HideSolutionNode = FALSE
	EndGlobalSection
EndGlobal
